Microsoft Visual Studio Solution File, Format Version 8.00
Project("{8BC9CEB8-8B4A-11D0-8D11-00A0C91BC942}") = "rat", "rat.vcproj", "{A32C5719-6BAA-4429-AC7E-C4AEAE41D75B}"
	ProjectSection(ProjectDependencies) = postProject
		{16E547D7-73D1-4413-92EC-3694D55CE09B} = {16E547D7-73D1-4413-92EC-3694D55CE09B}
		{51E197A0-63FD-4B12-90C9-5B0AFCDD7557} = {51E197A0-63FD-4B12-90C9-5B0AFCDD7557}
		{F94A1268-1CDA-464F-AD75-636A1F1A629C} = {F94A1268-1CDA-464F-AD75-636A1F1A629C}
		{DF70BBCB-0B11-455C-94D2-944A8A9E779B} = {DF70BBCB-0B11-455C-94D2-944A8A9E779B}
		{7E6BF7A3-34A0-4804-B0B9-44B9430FBFC0} = {7E6BF7A3-34A0-4804-B0B9-44B9430FBFC0}
		{9EC5870B-D5DF-43F6-B16E-0D7530996AB8} = {9EC5870B-D5DF-43F6-B16E-0D7530996AB8}
		{0C9E81ED-3BC7-4E37-A1A8-CE74B1C64064} = {0C9E81ED-3BC7-4E37-A1A8-CE74B1C64064}
		{1516F94B-BCB2-4E94-ADC7-2923BD1E7604} = {1516F94B-BCB2-4E94-ADC7-2923BD1E7604}
		{9791F5E4-F83D-4F1F-8D3E-3154FDE8005F} = {9791F5E4-F83D-4F1F-8D3E-3154FDE8005F}
	EndProjectSection
EndProject
Project("{8BC9CEB8-8B4A-11D0-8D11-00A0C91BC942}") = "ratmedia", "ratmedia.vcproj", "{16E547D7-73D1-4413-92EC-3694D55CE09B}"
	ProjectSection(ProjectDependencies) = postProject
		{F94A1268-1CDA-464F-AD75-636A1F1A629C} = {F94A1268-1CDA-464F-AD75-636A1F1A629C}
		{DF70BBCB-0B11-455C-94D2-944A8A9E779B} = {DF70BBCB-0B11-455C-94D2-944A8A9E779B}
		{7E6BF7A3-34A0-4804-B0B9-44B9430FBFC0} = {7E6BF7A3-34A0-4804-B0B9-44B9430FBFC0}
		{9791F5E4-F83D-4F1F-8D3E-3154FDE8005F} = {9791F5E4-F83D-4F1F-8D3E-3154FDE8005F}
	EndProjectSection
EndProject
Project("{8BC9CEB8-8B4A-11D0-8D11-00A0C91BC942}") = "ratui", "ratui.vcproj", "{51E197A0-63FD-4B12-90C9-5B0AFCDD7557}"
	ProjectSection(ProjectDependencies) = postProject
		{9EC5870B-D5DF-43F6-B16E-0D7530996AB8} = {9EC5870B-D5DF-43F6-B16E-0D7530996AB8}
		{1516F94B-BCB2-4E94-ADC7-2923BD1E7604} = {1516F94B-BCB2-4E94-ADC7-2923BD1E7604}
		{0C9E81ED-3BC7-4E37-A1A8-CE74B1C64064} = {0C9E81ED-3BC7-4E37-A1A8-CE74B1C64064}
		{9791F5E4-F83D-4F1F-8D3E-3154FDE8005F} = {9791F5E4-F83D-4F1F-8D3E-3154FDE8005F}
	EndProjectSection
EndProject
Project("{8BC9CEB8-8B4A-11D0-8D11-00A0C91BC942}") = "tcl2c", "..\tcl-8.0\win\tcl2c\tcl2c.vcproj", "{0C9E81ED-3BC7-4E37-A1A8-CE74B1C64064}"
	ProjectSection(ProjectDependencies) = postProject
	EndProjectSection
EndProject
Project("{8BC9CEB8-8B4A-11D0-8D11-00A0C91BC942}") = "tcllib", "..\tcl-8.0\win\tcllib.vcproj", "{1516F94B-BCB2-4E94-ADC7-2923BD1E7604}"
	ProjectSection(ProjectDependencies) = postProject
		{0C9E81ED-3BC7-4E37-A1A8-CE74B1C64064} = {0C9E81ED-3BC7-4E37-A1A8-CE74B1C64064}
	EndProjectSection
EndProject
Project("{8BC9CEB8-8B4A-11D0-8D11-00A0C91BC942}") = "common", "..\common\src\common.vcproj", "{9791F5E4-F83D-4F1F-8D3E-3154FDE8005F}"
	ProjectSection(ProjectDependencies) = postProject
	EndProjectSection
EndProject
Project("{059D6162-CD51-11D0-AE1F-00A0C90FFFC3}") = "testcommon", "..\common\tests\testcommon.dsp", "{19578F96-219F-4FBC-93AD-27D79C67D239}"
	ProjectSection(ProjectDependencies) = postProject
	EndProjectSection
	ProjectSection(DevStudioProjDeps) = postProject
		0 = common
	EndProjectSection
EndProject
Project("{8BC9CEB8-8B4A-11D0-8D11-00A0C91BC942}") = "tklib", "..\tk-8.0\win\tklib.vcproj", "{9EC5870B-D5DF-43F6-B16E-0D7530996AB8}"
	ProjectSection(ProjectDependencies) = postProject
		{0C9E81ED-3BC7-4E37-A1A8-CE74B1C64064} = {0C9E81ED-3BC7-4E37-A1A8-CE74B1C64064}
		{1516F94B-BCB2-4E94-ADC7-2923BD1E7604} = {1516F94B-BCB2-4E94-ADC7-2923BD1E7604}
	EndProjectSection
EndProject
Project("{8BC9CEB8-8B4A-11D0-8D11-00A0C91BC942}") = "uclaudio", "uclaudio.vcproj", "{7E6BF7A3-34A0-4804-B0B9-44B9430FBFC0}"
	ProjectSection(ProjectDependencies) = postProject
	EndProjectSection
EndProject
Project("{8BC9CEB8-8B4A-11D0-8D11-00A0C91BC942}") = "uclcodec", "uclcodec.vcproj", "{DF70BBCB-0B11-455C-94D2-944A8A9E779B}"
	ProjectSection(ProjectDependencies) = postProject
	EndProjectSection
EndProject
Project("{8BC9CEB8-8B4A-11D0-8D11-00A0C91BC942}") = "uclsndfile", "uclsndfile.vcproj", "{F94A1268-1CDA-464F-AD75-636A1F1A629C}"
	ProjectSection(ProjectDependencies) = postProject
	EndProjectSection
EndProject
Global
	GlobalSection(SolutionConfiguration) = preSolution
		Debug = Debug
		Debug IPv6 = Debug IPv6
		Debug IPv6 MSR = Debug IPv6 MSR
		Debug IPv6 Musica = Debug IPv6 Musica
		Debug IPv6 Win2000 = Debug IPv6 Win2000
		Release = Release
		Release IPv6 Win2000 = Release IPv6 Win2000
		Release IPv6 XP = Release IPv6 XP
	EndGlobalSection
	GlobalSection(ProjectConfiguration) = postSolution
		{A32C5719-6BAA-4429-AC7E-C4AEAE41D75B}.Debug.ActiveCfg = Debug|Win32
		{A32C5719-6BAA-4429-AC7E-C4AEAE41D75B}.Debug.Build.0 = Debug|Win32
		{A32C5719-6BAA-4429-AC7E-C4AEAE41D75B}.Debug IPv6.ActiveCfg = Debug IPv6 Musica|Win32
		{A32C5719-6BAA-4429-AC7E-C4AEAE41D75B}.Debug IPv6.Build.0 = Debug IPv6 Musica|Win32
		{A32C5719-6BAA-4429-AC7E-C4AEAE41D75B}.Debug IPv6 MSR.ActiveCfg = Debug IPv6 MSR|Win32
		{A32C5719-6BAA-4429-AC7E-C4AEAE41D75B}.Debug IPv6 MSR.Build.0 = Debug IPv6 MSR|Win32
		{A32C5719-6BAA-4429-AC7E-C4AEAE41D75B}.Debug IPv6 Musica.ActiveCfg = Debug IPv6 Musica|Win32
		{A32C5719-6BAA-4429-AC7E-C4AEAE41D75B}.Debug IPv6 Musica.Build.0 = Debug IPv6 Musica|Win32
		{A32C5719-6BAA-4429-AC7E-C4AEAE41D75B}.Debug IPv6 Win2000.ActiveCfg = Debug IPv6 Win2000|Win32
		{A32C5719-6BAA-4429-AC7E-C4AEAE41D75B}.Debug IPv6 Win2000.Build.0 = Debug IPv6 Win2000|Win32
		{A32C5719-6BAA-4429-AC7E-C4AEAE41D75B}.Release.ActiveCfg = Release|Win32
		{A32C5719-6BAA-4429-AC7E-C4AEAE41D75B}.Release.Build.0 = Release|Win32
		{A32C5719-6BAA-4429-AC7E-C4AEAE41D75B}.Release IPv6 Win2000.ActiveCfg = Release|Win32
		{A32C5719-6BAA-4429-AC7E-C4AEAE41D75B}.Release IPv6 Win2000.Build.0 = Release|Win32
		{A32C5719-6BAA-4429-AC7E-C4AEAE41D75B}.Release IPv6 XP.ActiveCfg = Release|Win32
		{A32C5719-6BAA-4429-AC7E-C4AEAE41D75B}.Release IPv6 XP.Build.0 = Release|Win32
		{16E547D7-73D1-4413-92EC-3694D55CE09B}.Debug.ActiveCfg = Debug|Win32
		{16E547D7-73D1-4413-92EC-3694D55CE09B}.Debug.Build.0 = Debug|Win32
		{16E547D7-73D1-4413-92EC-3694D55CE09B}.Debug IPv6.ActiveCfg = Debug Ipv6 Musica|Win32
		{16E547D7-73D1-4413-92EC-3694D55CE09B}.Debug IPv6.Build.0 = Debug Ipv6 Musica|Win32
		{16E547D7-73D1-4413-92EC-3694D55CE09B}.Debug IPv6 MSR.ActiveCfg = Debug Ipv6 MSR|Win32
		{16E547D7-73D1-4413-92EC-3694D55CE09B}.Debug IPv6 MSR.Build.0 = Debug Ipv6 MSR|Win32
		{16E547D7-73D1-4413-92EC-3694D55CE09B}.Debug IPv6 Musica.ActiveCfg = Debug Ipv6 Musica|Win32
		{16E547D7-73D1-4413-92EC-3694D55CE09B}.Debug IPv6 Musica.Build.0 = Debug Ipv6 Musica|Win32
		{16E547D7-73D1-4413-92EC-3694D55CE09B}.Debug IPv6 Win2000.ActiveCfg = Debug Ipv6 Win2000|Win32
		{16E547D7-73D1-4413-92EC-3694D55CE09B}.Debug IPv6 Win2000.Build.0 = Debug Ipv6 Win2000|Win32
		{16E547D7-73D1-4413-92EC-3694D55CE09B}.Release.ActiveCfg = Release|Win32
		{16E547D7-73D1-4413-92EC-3694D55CE09B}.Release.Build.0 = Release|Win32
		{16E547D7-73D1-4413-92EC-3694D55CE09B}.Release IPv6 Win2000.ActiveCfg = Release|Win32
		{16E547D7-73D1-4413-92EC-3694D55CE09B}.Release IPv6 Win2000.Build.0 = Release|Win32
		{16E547D7-73D1-4413-92EC-3694D55CE09B}.Release IPv6 XP.ActiveCfg = Release|Win32
		{16E547D7-73D1-4413-92EC-3694D55CE09B}.Release IPv6 XP.Build.0 = Release|Win32
		{51E197A0-63FD-4B12-90C9-5B0AFCDD7557}.Debug.ActiveCfg = Debug|Win32
		{51E197A0-63FD-4B12-90C9-5B0AFCDD7557}.Debug.Build.0 = Debug|Win32
		{51E197A0-63FD-4B12-90C9-5B0AFCDD7557}.Debug IPv6.ActiveCfg = Debug IPv6 MSR|Win32
		{51E197A0-63FD-4B12-90C9-5B0AFCDD7557}.Debug IPv6.Build.0 = Debug IPv6 MSR|Win32
		{51E197A0-63FD-4B12-90C9-5B0AFCDD7557}.Debug IPv6 MSR.ActiveCfg = Debug IPv6 MSR|Win32
		{51E197A0-63FD-4B12-90C9-5B0AFCDD7557}.Debug IPv6 MSR.Build.0 = Debug IPv6 MSR|Win32
		{51E197A0-63FD-4B12-90C9-5B0AFCDD7557}.Debug IPv6 Musica.ActiveCfg = Debug IPv6 Musica|Win32
		{51E197A0-63FD-4B12-90C9-5B0AFCDD7557}.Debug IPv6 Musica.Build.0 = Debug IPv6 Musica|Win32
		{51E197A0-63FD-4B12-90C9-5B0AFCDD7557}.Debug IPv6 Win2000.ActiveCfg = Debug IPv6 Win2000|Win32
		{51E197A0-63FD-4B12-90C9-5B0AFCDD7557}.Debug IPv6 Win2000.Build.0 = Debug IPv6 Win2000|Win32
		{51E197A0-63FD-4B12-90C9-5B0AFCDD7557}.Release.ActiveCfg = Release|Win32
		{51E197A0-63FD-4B12-90C9-5B0AFCDD7557}.Release.Build.0 = Release|Win32
		{51E197A0-63FD-4B12-90C9-5B0AFCDD7557}.Release IPv6 Win2000.ActiveCfg = Release|Win32
		{51E197A0-63FD-4B12-90C9-5B0AFCDD7557}.Release IPv6 Win2000.Build.0 = Release|Win32
		{51E197A0-63FD-4B12-90C9-5B0AFCDD7557}.Release IPv6 XP.ActiveCfg = Release|Win32
		{51E197A0-63FD-4B12-90C9-5B0AFCDD7557}.Release IPv6 XP.Build.0 = Release|Win32
		{0C9E81ED-3BC7-4E37-A1A8-CE74B1C64064}.Debug.ActiveCfg = Debug|Win32
		{0C9E81ED-3BC7-4E37-A1A8-CE74B1C64064}.Debug.Build.0 = Debug|Win32
		{0C9E81ED-3BC7-4E37-A1A8-CE74B1C64064}.Debug IPv6.ActiveCfg = Debug|Win32
		{0C9E81ED-3BC7-4E37-A1A8-CE74B1C64064}.Debug IPv6.Build.0 = Debug|Win32
		{0C9E81ED-3BC7-4E37-A1A8-CE74B1C64064}.Debug IPv6 MSR.ActiveCfg = Debug|Win32
		{0C9E81ED-3BC7-4E37-A1A8-CE74B1C64064}.Debug IPv6 MSR.Build.0 = Debug|Win32
		{0C9E81ED-3BC7-4E37-A1A8-CE74B1C64064}.Debug IPv6 Musica.ActiveCfg = Debug|Win32
		{0C9E81ED-3BC7-4E37-A1A8-CE74B1C64064}.Debug IPv6 Musica.Build.0 = Debug|Win32
		{0C9E81ED-3BC7-4E37-A1A8-CE74B1C64064}.Debug IPv6 Win2000.ActiveCfg = Debug|Win32
		{0C9E81ED-3BC7-4E37-A1A8-CE74B1C64064}.Debug IPv6 Win2000.Build.0 = Debug|Win32
		{0C9E81ED-3BC7-4E37-A1A8-CE74B1C64064}.Release.ActiveCfg = Release|Win32
		{0C9E81ED-3BC7-4E37-A1A8-CE74B1C64064}.Release.Build.0 = Release|Win32
		{0C9E81ED-3BC7-4E37-A1A8-CE74B1C64064}.Release IPv6 Win2000.ActiveCfg = Release|Win32
		{0C9E81ED-3BC7-4E37-A1A8-CE74B1C64064}.Release IPv6 Win2000.Build.0 = Release|Win32
		{0C9E81ED-3BC7-4E37-A1A8-CE74B1C64064}.Release IPv6 XP.ActiveCfg = Release|Win32
		{0C9E81ED-3BC7-4E37-A1A8-CE74B1C64064}.Release IPv6 XP.Build.0 = Release|Win32
		{1516F94B-BCB2-4E94-ADC7-2923BD1E7604}.Debug.ActiveCfg = Debug|Win32
		{1516F94B-BCB2-4E94-ADC7-2923BD1E7604}.Debug.Build.0 = Debug|Win32
		{1516F94B-BCB2-4E94-ADC7-2923BD1E7604}.Debug IPv6.ActiveCfg = Debug IPv6|Win32
		{1516F94B-BCB2-4E94-ADC7-2923BD1E7604}.Debug IPv6.Build.0 = Debug IPv6|Win32
		{1516F94B-BCB2-4E94-ADC7-2923BD1E7604}.Debug IPv6 MSR.ActiveCfg = Debug IPv6|Win32
		{1516F94B-BCB2-4E94-ADC7-2923BD1E7604}.Debug IPv6 MSR.Build.0 = Debug IPv6|Win32
		{1516F94B-BCB2-4E94-ADC7-2923BD1E7604}.Debug IPv6 Musica.ActiveCfg = Debug IPv6|Win32
		{1516F94B-BCB2-4E94-ADC7-2923BD1E7604}.Debug IPv6 Musica.Build.0 = Debug IPv6|Win32
		{1516F94B-BCB2-4E94-ADC7-2923BD1E7604}.Debug IPv6 Win2000.ActiveCfg = Debug IPv6|Win32
		{1516F94B-BCB2-4E94-ADC7-2923BD1E7604}.Debug IPv6 Win2000.Build.0 = Debug IPv6|Win32
		{1516F94B-BCB2-4E94-ADC7-2923BD1E7604}.Release.ActiveCfg = Release|Win32
		{1516F94B-BCB2-4E94-ADC7-2923BD1E7604}.Release.Build.0 = Release|Win32
		{1516F94B-BCB2-4E94-ADC7-2923BD1E7604}.Release IPv6 Win2000.ActiveCfg = Release|Win32
		{1516F94B-BCB2-4E94-ADC7-2923BD1E7604}.Release IPv6 Win2000.Build.0 = Release|Win32
		{1516F94B-BCB2-4E94-ADC7-2923BD1E7604}.Release IPv6 XP.ActiveCfg = Release|Win32
		{1516F94B-BCB2-4E94-ADC7-2923BD1E7604}.Release IPv6 XP.Build.0 = Release|Win32
		{9791F5E4-F83D-4F1F-8D3E-3154FDE8005F}.Debug.ActiveCfg = Debug|Win32
		{9791F5E4-F83D-4F1F-8D3E-3154FDE8005F}.Debug.Build.0 = Debug|Win32
		{9791F5E4-F83D-4F1F-8D3E-3154FDE8005F}.Debug IPv6.ActiveCfg = Debug IPv6 Win2000|Win32
		{9791F5E4-F83D-4F1F-8D3E-3154FDE8005F}.Debug IPv6.Build.0 = Debug IPv6 Win2000|Win32
		{9791F5E4-F83D-4F1F-8D3E-3154FDE8005F}.Debug IPv6 MSR.ActiveCfg = Debug IPv6 MSR|Win32
		{9791F5E4-F83D-4F1F-8D3E-3154FDE8005F}.Debug IPv6 MSR.Build.0 = Debug IPv6 MSR|Win32
		{9791F5E4-F83D-4F1F-8D3E-3154FDE8005F}.Debug IPv6 Musica.ActiveCfg = Debug IPv6 Musica|Win32
		{9791F5E4-F83D-4F1F-8D3E-3154FDE8005F}.Debug IPv6 Musica.Build.0 = Debug IPv6 Musica|Win32
		{9791F5E4-F83D-4F1F-8D3E-3154FDE8005F}.Debug IPv6 Win2000.ActiveCfg = Debug IPv6 Win2000|Win32
		{9791F5E4-F83D-4F1F-8D3E-3154FDE8005F}.Debug IPv6 Win2000.Build.0 = Debug IPv6 Win2000|Win32
		{9791F5E4-F83D-4F1F-8D3E-3154FDE8005F}.Release.ActiveCfg = Release|Win32
		{9791F5E4-F83D-4F1F-8D3E-3154FDE8005F}.Release.Build.0 = Release|Win32
		{9791F5E4-F83D-4F1F-8D3E-3154FDE8005F}.Release IPv6 Win2000.ActiveCfg = Release IPv6 Win2000|Win32
		{9791F5E4-F83D-4F1F-8D3E-3154FDE8005F}.Release IPv6 Win2000.Build.0 = Release IPv6 Win2000|Win32
		{9791F5E4-F83D-4F1F-8D3E-3154FDE8005F}.Release IPv6 XP.ActiveCfg = Release IPv6 XP|Win32
		{9791F5E4-F83D-4F1F-8D3E-3154FDE8005F}.Release IPv6 XP.Build.0 = Release IPv6 XP|Win32
		{9EC5870B-D5DF-43F6-B16E-0D7530996AB8}.Debug.ActiveCfg = Debug|Win32
		{9EC5870B-D5DF-43F6-B16E-0D7530996AB8}.Debug.Build.0 = Debug|Win32
		{9EC5870B-D5DF-43F6-B16E-0D7530996AB8}.Debug IPv6.ActiveCfg = Debug IPv6|Win32
		{9EC5870B-D5DF-43F6-B16E-0D7530996AB8}.Debug IPv6.Build.0 = Debug IPv6|Win32
		{9EC5870B-D5DF-43F6-B16E-0D7530996AB8}.Debug IPv6 MSR.ActiveCfg = Debug IPv6|Win32
		{9EC5870B-D5DF-43F6-B16E-0D7530996AB8}.Debug IPv6 MSR.Build.0 = Debug IPv6|Win32
		{9EC5870B-D5DF-43F6-B16E-0D7530996AB8}.Debug IPv6 Musica.ActiveCfg = Debug IPv6|Win32
		{9EC5870B-D5DF-43F6-B16E-0D7530996AB8}.Debug IPv6 Musica.Build.0 = Debug IPv6|Win32
		{9EC5870B-D5DF-43F6-B16E-0D7530996AB8}.Debug IPv6 Win2000.ActiveCfg = Debug IPv6|Win32
		{9EC5870B-D5DF-43F6-B16E-0D7530996AB8}.Debug IPv6 Win2000.Build.0 = Debug IPv6|Win32
		{9EC5870B-D5DF-43F6-B16E-0D7530996AB8}.Release.ActiveCfg = Release|Win32
		{9EC5870B-D5DF-43F6-B16E-0D7530996AB8}.Release.Build.0 = Release|Win32
		{9EC5870B-D5DF-43F6-B16E-0D7530996AB8}.Release IPv6 Win2000.ActiveCfg = Release|Win32
		{9EC5870B-D5DF-43F6-B16E-0D7530996AB8}.Release IPv6 Win2000.Build.0 = Release|Win32
		{9EC5870B-D5DF-43F6-B16E-0D7530996AB8}.Release IPv6 XP.ActiveCfg = Release|Win32
		{9EC5870B-D5DF-43F6-B16E-0D7530996AB8}.Release IPv6 XP.Build.0 = Release|Win32
		{7E6BF7A3-34A0-4804-B0B9-44B9430FBFC0}.Debug.ActiveCfg = Debug|Win32
		{7E6BF7A3-34A0-4804-B0B9-44B9430FBFC0}.Debug.Build.0 = Debug|Win32
		{7E6BF7A3-34A0-4804-B0B9-44B9430FBFC0}.Debug IPv6.ActiveCfg = Debug|Win32
		{7E6BF7A3-34A0-4804-B0B9-44B9430FBFC0}.Debug IPv6.Build.0 = Debug|Win32
		{7E6BF7A3-34A0-4804-B0B9-44B9430FBFC0}.Debug IPv6 MSR.ActiveCfg = Debug|Win32
		{7E6BF7A3-34A0-4804-B0B9-44B9430FBFC0}.Debug IPv6 MSR.Build.0 = Debug|Win32
		{7E6BF7A3-34A0-4804-B0B9-44B9430FBFC0}.Debug IPv6 Musica.ActiveCfg = Debug|Win32
		{7E6BF7A3-34A0-4804-B0B9-44B9430FBFC0}.Debug IPv6 Musica.Build.0 = Debug|Win32
		{7E6BF7A3-34A0-4804-B0B9-44B9430FBFC0}.Debug IPv6 Win2000.ActiveCfg = Debug|Win32
		{7E6BF7A3-34A0-4804-B0B9-44B9430FBFC0}.Debug IPv6 Win2000.Build.0 = Debug|Win32
		{7E6BF7A3-34A0-4804-B0B9-44B9430FBFC0}.Release.ActiveCfg = Release|Win32
		{7E6BF7A3-34A0-4804-B0B9-44B9430FBFC0}.Release.Build.0 = Release|Win32
		{7E6BF7A3-34A0-4804-B0B9-44B9430FBFC0}.Release IPv6 Win2000.ActiveCfg = Release|Win32
		{7E6BF7A3-34A0-4804-B0B9-44B9430FBFC0}.Release IPv6 Win2000.Build.0 = Release|Win32
		{7E6BF7A3-34A0-4804-B0B9-44B9430FBFC0}.Release IPv6 XP.ActiveCfg = Release|Win32
		{7E6BF7A3-34A0-4804-B0B9-44B9430FBFC0}.Release IPv6 XP.Build.0 = Release|Win32
		{DF70BBCB-0B11-455C-94D2-944A8A9E779B}.Debug.ActiveCfg = Debug|Win32
		{DF70BBCB-0B11-455C-94D2-944A8A9E779B}.Debug.Build.0 = Debug|Win32
		{DF70BBCB-0B11-455C-94D2-944A8A9E779B}.Debug IPv6.ActiveCfg = Debug|Win32
		{DF70BBCB-0B11-455C-94D2-944A8A9E779B}.Debug IPv6.Build.0 = Debug|Win32
		{DF70BBCB-0B11-455C-94D2-944A8A9E779B}.Debug IPv6 MSR.ActiveCfg = Debug|Win32
		{DF70BBCB-0B11-455C-94D2-944A8A9E779B}.Debug IPv6 MSR.Build.0 = Debug|Win32
		{DF70BBCB-0B11-455C-94D2-944A8A9E779B}.Debug IPv6 Musica.ActiveCfg = Debug|Win32
		{DF70BBCB-0B11-455C-94D2-944A8A9E779B}.Debug IPv6 Musica.Build.0 = Debug|Win32
		{DF70BBCB-0B11-455C-94D2-944A8A9E779B}.Debug IPv6 Win2000.ActiveCfg = Debug|Win32
		{DF70BBCB-0B11-455C-94D2-944A8A9E779B}.Debug IPv6 Win2000.Build.0 = Debug|Win32
		{DF70BBCB-0B11-455C-94D2-944A8A9E779B}.Release.ActiveCfg = Release|Win32
		{DF70BBCB-0B11-455C-94D2-944A8A9E779B}.Release.Build.0 = Release|Win32
		{DF70BBCB-0B11-455C-94D2-944A8A9E779B}.Release IPv6 Win2000.ActiveCfg = Release|Win32
		{DF70BBCB-0B11-455C-94D2-944A8A9E779B}.Release IPv6 Win2000.Build.0 = Release|Win32
		{DF70BBCB-0B11-455C-94D2-944A8A9E779B}.Release IPv6 XP.ActiveCfg = Release|Win32
		{DF70BBCB-0B11-455C-94D2-944A8A9E779B}.Release IPv6 XP.Build.0 = Release|Win32
		{F94A1268-1CDA-464F-AD75-636A1F1A629C}.Debug.ActiveCfg = Debug|Win32
		{F94A1268-1CDA-464F-AD75-636A1F1A629C}.Debug.Build.0 = Debug|Win32
		{F94A1268-1CDA-464F-AD75-636A1F1A629C}.Debug IPv6.ActiveCfg = Debug|Win32
		{F94A1268-1CDA-464F-AD75-636A1F1A629C}.Debug IPv6.Build.0 = Debug|Win32
		{F94A1268-1CDA-464F-AD75-636A1F1A629C}.Debug IPv6 MSR.ActiveCfg = Debug|Win32
		{F94A1268-1CDA-464F-AD75-636A1F1A629C}.Debug IPv6 MSR.Build.0 = Debug|Win32
		{F94A1268-1CDA-464F-AD75-636A1F1A629C}.Debug IPv6 Musica.ActiveCfg = Debug|Win32
		{F94A1268-1CDA-464F-AD75-636A1F1A629C}.Debug IPv6 Musica.Build.0 = Debug|Win32
		{F94A1268-1CDA-464F-AD75-636A1F1A629C}.Debug IPv6 Win2000.ActiveCfg = Debug|Win32
		{F94A1268-1CDA-464F-AD75-636A1F1A629C}.Debug IPv6 Win2000.Build.0 = Debug|Win32
		{F94A1268-1CDA-464F-AD75-636A1F1A629C}.Release.ActiveCfg = Release|Win32
		{F94A1268-1CDA-464F-AD75-636A1F1A629C}.Release.Build.0 = Release|Win32
		{F94A1268-1CDA-464F-AD75-636A1F1A629C}.Release IPv6 Win2000.ActiveCfg = Release|Win32
		{F94A1268-1CDA-464F-AD75-636A1F1A629C}.Release IPv6 Win2000.Build.0 = Release|Win32
		{F94A1268-1CDA-464F-AD75-636A1F1A629C}.Release IPv6 XP.ActiveCfg = Release|Win32
		{F94A1268-1CDA-464F-AD75-636A1F1A629C}.Release IPv6 XP.Build.0 = Release|Win32
	EndGlobalSection
	GlobalSection(ExtensibilityGlobals) = postSolution
	EndGlobalSection
	GlobalSection(ExtensibilityAddIns) = postSolution
	EndGlobalSection
EndGlobal
